{
	"name": "@vsviz/builder",
	"version": "1.0.0",
	"lockfileVersion": 1,
	"requires": true,
	"dependencies": {
		"@types/text-encoding": {
			"version": "0.0.35",
			"resolved": "https://registry.npmjs.org/@types/text-encoding/-/text-encoding-0.0.35.tgz",
			"integrity": "sha512-jfo/A88XIiAweUa8np+1mPbm3h2w0s425YrI8t3wk5QxhH6UI7w517MboNVnGDeMSuoFwA8Rwmklno+FicvV4g==",
			"dev": true
		},
		"text-encoding": {
			"version": "0.7.0",
			"resolved": "https://registry.npmjs.org/text-encoding/-/text-encoding-0.7.0.tgz",
			"integrity": "sha512-oJQ3f1hrOnbRLOcwKz0Liq2IcrvDeZRHXhd9RgLrsT+DjWY/nty1Hi7v3dtkaEYbPYe0mUoOfzRrMwfXXwgPUA=="
		}
	}
}
